github.com/gostaticanalysis/analysisutil v0.0.0-20190318220348-4088753ea4d3 h1:JVnpOZS+qxli+rgVl98ILOXVNbW+kb5wcxeGx8ShUIw=
github.com/gostaticanalysis/analysisutil v0.0.0-20190318220348-4088753ea4d3/go.mod h1:eEOZF4jCKGi+aprrirO9e7WKB3beBRtWgqGunKl6pKE=
github.com/gostaticanalysis/comment v1.2.0 h1:z0tFc54SL945O+NO9/8xXs3Ii0uDxj2tEEru58Uwz6E=
github.com/gostaticanalysis/comment v1.2.0/go.mod h1:xMicKDx7XRXYdVwY9f9wQpDJVnqWxw9wCauCMKp+IBI=
golang.org/x/crypto v0.0.0-20190308221718-c2843e01d9a2/go.mod h1:djNgcEr1/C05ACkg1iLfiJU5Ep61QUkGW8qpdssI0+w=
golang.org/x/net v0.0.0-20190213061140-3a22650c66bd/go.mod h1:mL1N/T3taQHkDXs73rZJwtUhF3w3ftmwwsq0BUmARs4=
golang.org/x/net v0.0.0-20190311183353-d8887717615a/go.mod h1:t9HGtf8HONx5eT2rtn7q6eTqICYqUVnKs3thJo3Qplg=
golang.org/x/sys v0.0.0-20190215142949-d0b11bdaac8a/go.mod h1:STP8DvDyc/dI5b8T5hshtkjS+E42TnysNCUPdjciGhY=
golang.org/x/text v0.3.0/go.mod h1:NqM8EUOU14njkJ3fqMW+pc6Ldnwhi/IjpwHt7yyuwOQ=
golang.org/x/tools v0.0.0-20190307163923-6a08e3108db3/go.mod h1:25r3+/G6/xytQM8iWZKq3Hn0kr0rgFKPUNVEL/dr3z4=
golang.org/x/tools v0.0.0-20190311215038-5c2858a9cfe5/go.mod h1:LCzVGOaR6xXOjkQ3onu1FJEFr0SW1gC7cKk1uF8kGRs=
golang.org/x/tools v0.0.0-20190320215829-36c10c0a621f h1:1ZEOEQCgHwWeZkEp7AeN0DROZtO+h0NDRxtar5CdyYQ=
golang.org/x/tools v0.0.0-20190320215829-36c10c0a621f/go.mod h1:LCzVGOaR6xXOjkQ3onu1FJEFr0SW1gC7cKk1uF8kGRs=
